
Microsoft Visual Studio Solution File, Format Version 12.00
# Visual Studio Version 17
VisualStudioVersion = 17.5.33424.131
MinimumVisualStudioVersion = 10.0.40219.1
Project("{FAE04EC0-301F-11D3-BF4B-00C04F79EFBC}") = "Backend", "Backend\Backend.csproj", "{7A517A03-B0CE-4DED-9CDB-5CE7DEE547AC}"
EndProject
Project("{FAE04EC0-301F-11D3-BF4B-00C04F79EFBC}") = "BackendTests", "BackendTests\BackendTests.csproj", "{A653371C-1E8D-433A-BA1A-4004C6B9A638}"
EndProject
Global
	GlobalSection(SolutionConfigurationPlatforms) = preSolution
		Debug|Any CPU = Debug|Any CPU
		Release|Any CPU = Release|Any CPU
	EndGlobalSection
	GlobalSection(ProjectConfigurationPlatforms) = postSolution
		{7A517A03-B0CE-4DED-9CDB-5CE7DEE547AC}.Debug|Any CPU.ActiveCfg = Debug|Any CPU
		{7A517A03-B0CE-4DED-9CDB-5CE7DEE547AC}.Debug|Any CPU.Build.0 = Debug|Any CPU
		{7A517A03-B0CE-4DED-9CDB-5CE7DEE547AC}.Release|Any CPU.ActiveCfg = Release|Any CPU
		{7A517A03-B0CE-4DED-9CDB-5CE7DEE547AC}.Release|Any CPU.Build.0 = Release|Any CPU
		{A653371C-1E8D-433A-BA1A-4004C6B9A638}.Debug|Any CPU.ActiveCfg = Debug|Any CPU
		{A653371C-1E8D-433A-BA1A-4004C6B9A638}.Debug|Any CPU.Build.0 = Debug|Any CPU
		{A653371C-1E8D-433A-BA1A-4004C6B9A638}.Release|Any CPU.ActiveCfg = Release|Any CPU
		{A653371C-1E8D-433A-BA1A-4004C6B9A638}.Release|Any CPU.Build.0 = Release|Any CPU
	EndGlobalSection
	GlobalSection(SolutionProperties) = preSolution
		HideSolutionNode = FALSE
	EndGlobalSection
	GlobalSection(ExtensibilityGlobals) = postSolution
		SolutionGuid = {889422CA-A8E4-4864-8A65-C3A837E927CC}
	EndGlobalSection
EndGlobal
